// !$*UTF8*$!
{
	archiveVersion = 1;
	classes = {
	};
	objectVersion = 55;
	objects = {

/* Begin PBXBuildFile section */
		4236040B0990CD1EF55976FA /* Pods_SwiftDemo.framework in Frameworks */ = {isa = PBXBuildFile; fileRef = 8AB7C5B16F69B97F4EDBAE4F /* Pods_SwiftDemo.framework */; };
		63005AED27FC07AB003F49D6 /* TestAlertViewController.swift in Sources */ = {isa = PBXBuildFile; fileRef = 63005AEC27FC07AB003F49D6 /* TestAlertViewController.swift */; };
		631902942779CC44009017D6 /* TestURLComponentViewController.swift in Sources */ = {isa = PBXBuildFile; fileRef = 631902932779CC43009017D6 /* TestURLComponentViewController.swift */; };
		6328D7FB28101F6900960CAE /* TestScrollViewControllerViewViewController.swift in Sources */ = {isa = PBXBuildFile; fileRef = 6328D7FA28101F6900960CAE /* TestScrollViewControllerViewViewController.swift */; };
		6331675F27C7A690005B5D53 /* TestBlockViewController.swift in Sources */ = {isa = PBXBuildFile; fileRef = 6331675E27C7A690005B5D53 /* TestBlockViewController.swift */; };
		63396328276F2636006106B2 /* TestViewControllerA.swift in Sources */ = {isa = PBXBuildFile; fileRef = 63396327276F2636006106B2 /* TestViewControllerA.swift */; };
		6339632A276F268F006106B2 /* TestViewControllerB.swift in Sources */ = {isa = PBXBuildFile; fileRef = 63396329276F268F006106B2 /* TestViewControllerB.swift */; };
		63495E2428192DC900441980 /* TestSafe.swift in Sources */ = {isa = PBXBuildFile; fileRef = 63495E2328192DC900441980 /* TestSafe.swift */; };
		6357F67627BF64D300374CF4 /* Timer.swift in Sources */ = {isa = PBXBuildFile; fileRef = 6357F67527BF64D300374CF4 /* Timer.swift */; };
		6357F67827BF654400374CF4 /* CountDownViewController.swift in Sources */ = {isa = PBXBuildFile; fileRef = 6357F67727BF654400374CF4 /* CountDownViewController.swift */; };
		6371592D277ED65B00CB297B /* TestCombineViewController.swift in Sources */ = {isa = PBXBuildFile; fileRef = 6371592C277ED65B00CB297B /* TestCombineViewController.swift */; };
		6371592F277ED66500CB297B /* TestProtocolViewController.swift in Sources */ = {isa = PBXBuildFile; fileRef = 6371592E277ED66500CB297B /* TestProtocolViewController.swift */; };
		63715932277EDAFE00CB297B /* TestArrayViewController.swift in Sources */ = {isa = PBXBuildFile; fileRef = 63715931277EDAFE00CB297B /* TestArrayViewController.swift */; };
		63715934277F09A100CB297B /* TestCombine.swift in Sources */ = {isa = PBXBuildFile; fileRef = 63715933277F09A100CB297B /* TestCombine.swift */; };
		63715936277F167200CB297B /* TestcombileLab.swift in Sources */ = {isa = PBXBuildFile; fileRef = 63715935277F167200CB297B /* TestcombileLab.swift */; };
		6371854A279C3F13005195FB /* GradientViewcontrollerViewController.swift in Sources */ = {isa = PBXBuildFile; fileRef = 63718549279C3F13005195FB /* GradientViewcontrollerViewController.swift */; };
		63718578279D5092005195FB /* CoreTextViewController.swift in Sources */ = {isa = PBXBuildFile; fileRef = 63718577279D5092005195FB /* CoreTextViewController.swift */; };
		6371857A279D6D31005195FB /* TextViewViewController.swift in Sources */ = {isa = PBXBuildFile; fileRef = 63718579279D6D31005195FB /* TextViewViewController.swift */; };
		6371857C279E6F87005195FB /* MPCornerMaskedButton.swift in Sources */ = {isa = PBXBuildFile; fileRef = 6371857B279E6F87005195FB /* MPCornerMaskedButton.swift */; };
		639B41F627D726A700E4E281 /* EqutableViewController.swift in Sources */ = {isa = PBXBuildFile; fileRef = 639B41F527D726A700E4E281 /* EqutableViewController.swift */; };
		639DDD3227CB954600D5E802 /* SwiftUIList.plist in Resources */ = {isa = PBXBuildFile; fileRef = 639DDD3127CB954600D5E802 /* SwiftUIList.plist */; };
		639DDD3527CC6A7E00D5E802 /* Dictionary.swift in Sources */ = {isa = PBXBuildFile; fileRef = 639DDD3427CC6A7E00D5E802 /* Dictionary.swift */; };
		63B92B96282621EC0079F604 /* TestPageHeaderCustomeTitleVC.swift in Sources */ = {isa = PBXBuildFile; fileRef = 63B92B95282621EC0079F604 /* TestPageHeaderCustomeTitleVC.swift */; };
		63B92B99282626480079F604 /* SegementSlideHeaderSource.swift in Sources */ = {isa = PBXBuildFile; fileRef = 63B92B98282626480079F604 /* SegementSlideHeaderSource.swift */; };
		63B92B9D2826265A0079F604 /* SegementSlideAction.swift in Sources */ = {isa = PBXBuildFile; fileRef = 63B92B9C2826265A0079F604 /* SegementSlideAction.swift */; };
		63B92B9F2826265F0079F604 /* SegementSlideHeader.swift in Sources */ = {isa = PBXBuildFile; fileRef = 63B92B9E2826265F0079F604 /* SegementSlideHeader.swift */; };
		63B92BA328263FFE0079F604 /* SegementSlideCommonSet.swift in Sources */ = {isa = PBXBuildFile; fileRef = 63B92BA228263FFE0079F604 /* SegementSlideCommonSet.swift */; };
		63C40033276B395A009C680B /* AppDelegate.swift in Sources */ = {isa = PBXBuildFile; fileRef = 63C40032276B395A009C680B /* AppDelegate.swift */; };
		63C40035276B395A009C680B /* SceneDelegate.swift in Sources */ = {isa = PBXBuildFile; fileRef = 63C40034276B395A009C680B /* SceneDelegate.swift */; };
		63C4003A276B395A009C680B /* Main.storyboard in Resources */ = {isa = PBXBuildFile; fileRef = 63C40038276B395A009C680B /* Main.storyboard */; };
		63C4003C276B395B009C680B /* Assets.xcassets in Resources */ = {isa = PBXBuildFile; fileRef = 63C4003B276B395B009C680B /* Assets.xcassets */; };
		63C4003F276B395B009C680B /* LaunchScreen.storyboard in Resources */ = {isa = PBXBuildFile; fileRef = 63C4003D276B395B009C680B /* LaunchScreen.storyboard */; };
		70319638278332B6002D43D2 /* CombineSearchAPI.swift in Sources */ = {isa = PBXBuildFile; fileRef = 70319637278332B6002D43D2 /* CombineSearchAPI.swift */; };
		7031963A278332C3002D43D2 /* CombineAPI.swift in Sources */ = {isa = PBXBuildFile; fileRef = 70319639278332C3002D43D2 /* CombineAPI.swift */; };
		7031963F278A98E6002D43D2 /* TestNSObjectProtocol.swift in Sources */ = {isa = PBXBuildFile; fileRef = 7031963E278A98E6002D43D2 /* TestNSObjectProtocol.swift */; };
		704D54942778133800D645AA /* Date.swift in Sources */ = {isa = PBXBuildFile; fileRef = 704D548E2778133800D645AA /* Date.swift */; };
		704D54952778133800D645AA /* UIBarButtonItem_Extension.swift in Sources */ = {isa = PBXBuildFile; fileRef = 704D548F2778133800D645AA /* UIBarButtonItem_Extension.swift */; };
		704D54962778133800D645AA /* NetworkTools.swift in Sources */ = {isa = PBXBuildFile; fileRef = 704D54902778133800D645AA /* NetworkTools.swift */; };
		704D54972778133800D645AA /* UIColorExtension.swift in Sources */ = {isa = PBXBuildFile; fileRef = 704D54912778133800D645AA /* UIColorExtension.swift */; };
		704D54982778133800D645AA /* UIColor-Extension.swift in Sources */ = {isa = PBXBuildFile; fileRef = 704D54922778133800D645AA /* UIColor-Extension.swift */; };
		704D54992778133800D645AA /* Common.swift in Sources */ = {isa = PBXBuildFile; fileRef = 704D54932778133800D645AA /* Common.swift */; };
		704D54A02778139B00D645AA /* TestA.swift in Sources */ = {isa = PBXBuildFile; fileRef = 704D549F2778139B00D645AA /* TestA.swift */; };
		704D54A227781B6D00D645AA /* TestMPTextViewViewController.swift in Sources */ = {isa = PBXBuildFile; fileRef = 704D54A127781B6D00D645AA /* TestMPTextViewViewController.swift */; };
		704D54A427781C5D00D645AA /* MPTextView.swift in Sources */ = {isa = PBXBuildFile; fileRef = 704D54A327781C5D00D645AA /* MPTextView.swift */; };
		704D54AB27781C6F00D645AA /* AutoLayoutResizable.swift in Sources */ = {isa = PBXBuildFile; fileRef = 704D54A627781C6F00D645AA /* AutoLayoutResizable.swift */; };
		704D54AC27781C6F00D645AA /* AutoLayout.swift in Sources */ = {isa = PBXBuildFile; fileRef = 704D54A727781C6F00D645AA /* AutoLayout.swift */; };
		704D54AD27781C6F00D645AA /* AutoLayoutElement.swift in Sources */ = {isa = PBXBuildFile; fileRef = 704D54A827781C6F00D645AA /* AutoLayoutElement.swift */; };
		704D54AE27781C6F00D645AA /* NSLayoutConstraint.swift in Sources */ = {isa = PBXBuildFile; fileRef = 704D54A927781C6F00D645AA /* NSLayoutConstraint.swift */; };
		704D54AF27781C6F00D645AA /* AutoLayoutCompatible.swift in Sources */ = {isa = PBXBuildFile; fileRef = 704D54AA27781C6F00D645AA /* AutoLayoutCompatible.swift */; };
		704D54B12778278B00D645AA /* TestTextView.swift in Sources */ = {isa = PBXBuildFile; fileRef = 704D54B02778278B00D645AA /* TestTextView.swift */; };
		704D54B3277A01A700D645AA /* TestCoadbleViewController.swift in Sources */ = {isa = PBXBuildFile; fileRef = 704D54B2277A01A700D645AA /* TestCoadbleViewController.swift */; };
		70D4F9342774C440002ACB01 /* Property List.plist in Resources */ = {isa = PBXBuildFile; fileRef = 70D4F9332774C440002ACB01 /* Property List.plist */; };
/* End PBXBuildFile section */

/* Begin PBXFileReference section */
		00765901070F5664066E97E6 /* Pods-SwiftDemo.release.xcconfig */ = {isa = PBXFileReference; includeInIndex = 1; lastKnownFileType = text.xcconfig; name = "Pods-SwiftDemo.release.xcconfig"; path = "Target Support Files/Pods-SwiftDemo/Pods-SwiftDemo.release.xcconfig"; sourceTree = "<group>"; };
		63005AEC27FC07AB003F49D6 /* TestAlertViewController.swift */ = {isa = PBXFileReference; lastKnownFileType = sourcecode.swift; path = TestAlertViewController.swift; sourceTree = "<group>"; };
		631902932779CC43009017D6 /* TestURLComponentViewController.swift */ = {isa = PBXFileReference; lastKnownFileType = sourcecode.swift; path = TestURLComponentViewController.swift; sourceTree = "<group>"; };
		6328D7FA28101F6900960CAE /* TestScrollViewControllerViewViewController.swift */ = {isa = PBXFileReference; lastKnownFileType = sourcecode.swift; path = TestScrollViewControllerViewViewController.swift; sourceTree = "<group>"; };
		6331675E27C7A690005B5D53 /* TestBlockViewController.swift */ = {isa = PBXFileReference; lastKnownFileType = sourcecode.swift; path = TestBlockViewController.swift; sourceTree = "<group>"; };
		63396327276F2636006106B2 /* TestViewControllerA.swift */ = {isa = PBXFileReference; lastKnownFileType = sourcecode.swift; path = TestViewControllerA.swift; sourceTree = "<group>"; };
		63396329276F268F006106B2 /* TestViewControllerB.swift */ = {isa = PBXFileReference; lastKnownFileType = sourcecode.swift; path = TestViewControllerB.swift; sourceTree = "<group>"; };
		63495E2328192DC900441980 /* TestSafe.swift */ = {isa = PBXFileReference; lastKnownFileType = sourcecode.swift; path = TestSafe.swift; sourceTree = "<group>"; };
		6357F67527BF64D300374CF4 /* Timer.swift */ = {isa = PBXFileReference; lastKnownFileType = sourcecode.swift; path = Timer.swift; sourceTree = "<group>"; };
		6357F67727BF654400374CF4 /* CountDownViewController.swift */ = {isa = PBXFileReference; lastKnownFileType = sourcecode.swift; path = CountDownViewController.swift; sourceTree = "<group>"; };
		6371592C277ED65B00CB297B /* TestCombineViewController.swift */ = {isa = PBXFileReference; lastKnownFileType = sourcecode.swift; path = TestCombineViewController.swift; sourceTree = "<group>"; };
		6371592E277ED66500CB297B /* TestProtocolViewController.swift */ = {isa = PBXFileReference; lastKnownFileType = sourcecode.swift; path = TestProtocolViewController.swift; sourceTree = "<group>"; };
		63715931277EDAFE00CB297B /* TestArrayViewController.swift */ = {isa = PBXFileReference; lastKnownFileType = sourcecode.swift; path = TestArrayViewController.swift; sourceTree = "<group>"; };
		63715933277F09A100CB297B /* TestCombine.swift */ = {isa = PBXFileReference; lastKnownFileType = sourcecode.swift; path = TestCombine.swift; sourceTree = "<group>"; };
		63715935277F167200CB297B /* TestcombileLab.swift */ = {isa = PBXFileReference; lastKnownFileType = sourcecode.swift; path = TestcombileLab.swift; sourceTree = "<group>"; };
		63718549279C3F13005195FB /* GradientViewcontrollerViewController.swift */ = {isa = PBXFileReference; lastKnownFileType = sourcecode.swift; path = GradientViewcontrollerViewController.swift; sourceTree = "<group>"; };
		63718577279D5092005195FB /* CoreTextViewController.swift */ = {isa = PBXFileReference; lastKnownFileType = sourcecode.swift; path = CoreTextViewController.swift; sourceTree = "<group>"; };
		63718579279D6D31005195FB /* TextViewViewController.swift */ = {isa = PBXFileReference; lastKnownFileType = sourcecode.swift; path = TextViewViewController.swift; sourceTree = "<group>"; };
		6371857B279E6F87005195FB /* MPCornerMaskedButton.swift */ = {isa = PBXFileReference; fileEncoding = 4; lastKnownFileType = sourcecode.swift; path = MPCornerMaskedButton.swift; sourceTree = "<group>"; };
		639B41F527D726A700E4E281 /* EqutableViewController.swift */ = {isa = PBXFileReference; lastKnownFileType = sourcecode.swift; path = EqutableViewController.swift; sourceTree = "<group>"; };
		639DDD3127CB954600D5E802 /* SwiftUIList.plist */ = {isa = PBXFileReference; fileEncoding = 4; lastKnownFileType = text.plist.xml; path = SwiftUIList.plist; sourceTree = "<group>"; };
		639DDD3427CC6A7E00D5E802 /* Dictionary.swift */ = {isa = PBXFileReference; lastKnownFileType = sourcecode.swift; path = Dictionary.swift; sourceTree = "<group>"; };
		63B92B95282621EC0079F604 /* TestPageHeaderCustomeTitleVC.swift */ = {isa = PBXFileReference; fileEncoding = 4; lastKnownFileType = sourcecode.swift; path = TestPageHeaderCustomeTitleVC.swift; sourceTree = "<group>"; };
		63B92B98282626480079F604 /* SegementSlideHeaderSource.swift */ = {isa = PBXFileReference; lastKnownFileType = sourcecode.swift; path = SegementSlideHeaderSource.swift; sourceTree = "<group>"; };
		63B92B9C2826265A0079F604 /* SegementSlideAction.swift */ = {isa = PBXFileReference; lastKnownFileType = sourcecode.swift; path = SegementSlideAction.swift; sourceTree = "<group>"; };
		63B92B9E2826265F0079F604 /* SegementSlideHeader.swift */ = {isa = PBXFileReference; lastKnownFileType = sourcecode.swift; path = SegementSlideHeader.swift; sourceTree = "<group>"; };
		63B92BA228263FFE0079F604 /* SegementSlideCommonSet.swift */ = {isa = PBXFileReference; lastKnownFileType = sourcecode.swift; path = SegementSlideCommonSet.swift; sourceTree = "<group>"; };
		63C4002F276B395A009C680B /* SwiftDemo.app */ = {isa = PBXFileReference; explicitFileType = wrapper.application; includeInIndex = 0; path = SwiftDemo.app; sourceTree = BUILT_PRODUCTS_DIR; };
		63C40032276B395A009C680B /* AppDelegate.swift */ = {isa = PBXFileReference; lastKnownFileType = sourcecode.swift; path = AppDelegate.swift; sourceTree = "<group>"; };
		63C40034276B395A009C680B /* SceneDelegate.swift */ = {isa = PBXFileReference; lastKnownFileType = sourcecode.swift; path = SceneDelegate.swift; sourceTree = "<group>"; };
		63C40039276B395A009C680B /* Base */ = {isa = PBXFileReference; lastKnownFileType = file.storyboard; name = Base; path = Base.lproj/Main.storyboard; sourceTree = "<group>"; };
		63C4003B276B395B009C680B /* Assets.xcassets */ = {isa = PBXFileReference; lastKnownFileType = folder.assetcatalog; path = Assets.xcassets; sourceTree = "<group>"; };
		63C4003E276B395B009C680B /* Base */ = {isa = PBXFileReference; lastKnownFileType = file.storyboard; name = Base; path = Base.lproj/LaunchScreen.storyboard; sourceTree = "<group>"; };
		63C40040276B395B009C680B /* Info.plist */ = {isa = PBXFileReference; lastKnownFileType = text.plist.xml; path = Info.plist; sourceTree = "<group>"; };
		70319637278332B6002D43D2 /* CombineSearchAPI.swift */ = {isa = PBXFileReference; lastKnownFileType = sourcecode.swift; path = CombineSearchAPI.swift; sourceTree = "<group>"; };
		70319639278332C3002D43D2 /* CombineAPI.swift */ = {isa = PBXFileReference; lastKnownFileType = sourcecode.swift; path = CombineAPI.swift; sourceTree = "<group>"; };
		7031963E278A98E6002D43D2 /* TestNSObjectProtocol.swift */ = {isa = PBXFileReference; lastKnownFileType = sourcecode.swift; path = TestNSObjectProtocol.swift; sourceTree = "<group>"; };
		704D548E2778133800D645AA /* Date.swift */ = {isa = PBXFileReference; fileEncoding = 4; lastKnownFileType = sourcecode.swift; path = Date.swift; sourceTree = "<group>"; };
		704D548F2778133800D645AA /* UIBarButtonItem_Extension.swift */ = {isa = PBXFileReference; fileEncoding = 4; lastKnownFileType = sourcecode.swift; path = UIBarButtonItem_Extension.swift; sourceTree = "<group>"; };
		704D54902778133800D645AA /* NetworkTools.swift */ = {isa = PBXFileReference; fileEncoding = 4; lastKnownFileType = sourcecode.swift; path = NetworkTools.swift; sourceTree = "<group>"; };
		704D54912778133800D645AA /* UIColorExtension.swift */ = {isa = PBXFileReference; fileEncoding = 4; lastKnownFileType = sourcecode.swift; path = UIColorExtension.swift; sourceTree = "<group>"; };
		704D54922778133800D645AA /* UIColor-Extension.swift */ = {isa = PBXFileReference; fileEncoding = 4; lastKnownFileType = sourcecode.swift; path = "UIColor-Extension.swift"; sourceTree = "<group>"; };
		704D54932778133800D645AA /* Common.swift */ = {isa = PBXFileReference; fileEncoding = 4; lastKnownFileType = sourcecode.swift; path = Common.swift; sourceTree = "<group>"; };
		704D549F2778139B00D645AA /* TestA.swift */ = {isa = PBXFileReference; lastKnownFileType = sourcecode.swift; path = TestA.swift; sourceTree = "<group>"; };
		704D54A127781B6D00D645AA /* TestMPTextViewViewController.swift */ = {isa = PBXFileReference; lastKnownFileType = sourcecode.swift; path = TestMPTextViewViewController.swift; sourceTree = "<group>"; };
		704D54A327781C5D00D645AA /* MPTextView.swift */ = {isa = PBXFileReference; fileEncoding = 4; lastKnownFileType = sourcecode.swift; path = MPTextView.swift; sourceTree = "<group>"; };
		704D54A627781C6F00D645AA /* AutoLayoutResizable.swift */ = {isa = PBXFileReference; fileEncoding = 4; lastKnownFileType = sourcecode.swift; path = AutoLayoutResizable.swift; sourceTree = "<group>"; };
		704D54A727781C6F00D645AA /* AutoLayout.swift */ = {isa = PBXFileReference; fileEncoding = 4; lastKnownFileType = sourcecode.swift; path = AutoLayout.swift; sourceTree = "<group>"; };
		704D54A827781C6F00D645AA /* AutoLayoutElement.swift */ = {isa = PBXFileReference; fileEncoding = 4; lastKnownFileType = sourcecode.swift; path = AutoLayoutElement.swift; sourceTree = "<group>"; };
		704D54A927781C6F00D645AA /* NSLayoutConstraint.swift */ = {isa = PBXFileReference; fileEncoding = 4; lastKnownFileType = sourcecode.swift; path = NSLayoutConstraint.swift; sourceTree = "<group>"; };
		704D54AA27781C6F00D645AA /* AutoLayoutCompatible.swift */ = {isa = PBXFileReference; fileEncoding = 4; lastKnownFileType = sourcecode.swift; path = AutoLayoutCompatible.swift; sourceTree = "<group>"; };
		704D54B02778278B00D645AA /* TestTextView.swift */ = {isa = PBXFileReference; lastKnownFileType = sourcecode.swift; path = TestTextView.swift; sourceTree = "<group>"; };
		704D54B2277A01A700D645AA /* TestCoadbleViewController.swift */ = {isa = PBXFileReference; lastKnownFileType = sourcecode.swift; path = TestCoadbleViewController.swift; sourceTree = "<group>"; };
		70D4F9332774C440002ACB01 /* Property List.plist */ = {isa = PBXFileReference; lastKnownFileType = text.plist.xml; path = "Property List.plist"; sourceTree = "<group>"; };
		8AB7C5B16F69B97F4EDBAE4F /* Pods_SwiftDemo.framework */ = {isa = PBXFileReference; explicitFileType = wrapper.framework; includeInIndex = 0; path = Pods_SwiftDemo.framework; sourceTree = BUILT_PRODUCTS_DIR; };
		8C7F7D2D3017625B3435EEED /* Pods-SwiftDemo.debug.xcconfig */ = {isa = PBXFileReference; includeInIndex = 1; lastKnownFileType = text.xcconfig; name = "Pods-SwiftDemo.debug.xcconfig"; path = "Target Support Files/Pods-SwiftDemo/Pods-SwiftDemo.debug.xcconfig"; sourceTree = "<group>"; };
/* End PBXFileReference section */

/* Begin PBXFrameworksBuildPhase section */
		63C4002C276B395A009C680B /* Frameworks */ = {
			isa = PBXFrameworksBuildPhase;
			buildActionMask = 2147483647;
			files = (
				4236040B0990CD1EF55976FA /* Pods_SwiftDemo.framework in Frameworks */,
			);
			runOnlyForDeploymentPostprocessing = 0;
		};
/* End PBXFrameworksBuildPhase section */

/* Begin PBXGroup section */
		63005AE927FC078D003F49D6 /* Alert */ = {
			isa = PBXGroup;
			children = (
				63005AEC27FC07AB003F49D6 /* TestAlertViewController.swift */,
				6328D7FA28101F6900960CAE /* TestScrollViewControllerViewViewController.swift */,
			);
			path = Alert;
			sourceTree = "<group>";
		};
		631902922779CC1A009017D6 /* URLComponents */ = {
			isa = PBXGroup;
			children = (
				631902932779CC43009017D6 /* TestURLComponentViewController.swift */,
				704D54B2277A01A700D645AA /* TestCoadbleViewController.swift */,
			);
			path = URLComponents;
			sourceTree = "<group>";
		};
		631902952779CCD5009017D6 /* MPTextView */ = {
			isa = PBXGroup;
			children = (
				704D54A327781C5D00D645AA /* MPTextView.swift */,
				704D549F2778139B00D645AA /* TestA.swift */,
				704D54A127781B6D00D645AA /* TestMPTextViewViewController.swift */,
				704D54B02778278B00D645AA /* TestTextView.swift */,
			);
			path = MPTextView;
			sourceTree = "<group>";
		};
		6331675D27C7A671005B5D53 /* Block */ = {
			isa = PBXGroup;
			children = (
				639B41F527D726A700E4E281 /* EqutableViewController.swift */,
				6331675E27C7A690005B5D53 /* TestBlockViewController.swift */,
			);
			name = Block;
			path = SwiftDemo/Class/Block;
			sourceTree = SOURCE_ROOT;
		};
		63495E0D2819255C00441980 /* pageHeader */ = {
			isa = PBXGroup;
			children = (
				63B92B97282625D20079F604 /* SegementSlide */,
				63B92B95282621EC0079F604 /* TestPageHeaderCustomeTitleVC.swift */,
			);
			name = pageHeader;
			path = SwiftDemo/Class/pageHeader;
			sourceTree = SOURCE_ROOT;
		};
		6357F67427BF64C600374CF4 /* TimerCount */ = {
			isa = PBXGroup;
			children = (
				6357F67527BF64D300374CF4 /* Timer.swift */,
				6357F67727BF654400374CF4 /* CountDownViewController.swift */,
			);
			path = TimerCount;
			sourceTree = "<group>";
		};
		6371592A277ED64C00CB297B /* Protocol */ = {
			isa = PBXGroup;
			children = (
				6371592E277ED66500CB297B /* TestProtocolViewController.swift */,
				7031963E278A98E6002D43D2 /* TestNSObjectProtocol.swift */,
			);
			path = Protocol;
			sourceTree = "<group>";
		};
		6371592B277ED64C00CB297B /* Combine */ = {
			isa = PBXGroup;
			children = (
				70319636278332A0002D43D2 /* CombineRequest */,
				6371592C277ED65B00CB297B /* TestCombineViewController.swift */,
				63715933277F09A100CB297B /* TestCombine.swift */,
				63715935277F167200CB297B /* TestcombileLab.swift */,
			);
			path = Combine;
			sourceTree = "<group>";
		};
		63715930277EDAEF00CB297B /* Array */ = {
			isa = PBXGroup;
			children = (
				63715931277EDAFE00CB297B /* TestArrayViewController.swift */,
			);
			path = Array;
			sourceTree = "<group>";
		};
		63718548279C3EFD005195FB /* Gradient */ = {
			isa = PBXGroup;
			children = (
				63718549279C3F13005195FB /* GradientViewcontrollerViewController.swift */,
			);
			path = Gradient;
			sourceTree = "<group>";
		};
		63718573279D5070005195FB /* CoreText */ = {
			isa = PBXGroup;
			children = (
				63718577279D5092005195FB /* CoreTextViewController.swift */,
				63718579279D6D31005195FB /* TextViewViewController.swift */,
				6371857B279E6F87005195FB /* MPCornerMaskedButton.swift */,
			);
			path = CoreText;
			sourceTree = "<group>";
		};
		639DDD3327CC6A6A00D5E802 /* Dictionary */ = {
			isa = PBXGroup;
			children = (
				639DDD3427CC6A7E00D5E802 /* Dictionary.swift */,
			);
			path = Dictionary;
			sourceTree = "<group>";
		};
		63B92B97282625D20079F604 /* SegementSlide */ = {
			isa = PBXGroup;
			children = (
				63B92B98282626480079F604 /* SegementSlideHeaderSource.swift */,
				63B92B9C2826265A0079F604 /* SegementSlideAction.swift */,
				63B92B9E2826265F0079F604 /* SegementSlideHeader.swift */,
				63B92BA228263FFE0079F604 /* SegementSlideCommonSet.swift */,
				63495E2328192DC900441980 /* TestSafe.swift */,
			);
			path = SegementSlide;
			sourceTree = "<group>";
		};
		63C40026276B395A009C680B = {
			isa = PBXGroup;
			children = (
				63C40031276B395A009C680B /* SwiftDemo */,
				63C40030276B395A009C680B /* Products */,
				E356B782AB537EFCA6C1FF79 /* Pods */,
				F56760065428DCCCED1B4843 /* Frameworks */,
			);
			sourceTree = "<group>";
		};
		63C40030276B395A009C680B /* Products */ = {
			isa = PBXGroup;
			children = (
				63C4002F276B395A009C680B /* SwiftDemo.app */,
			);
			name = Products;
			sourceTree = "<group>";
		};
		63C40031276B395A009C680B /* SwiftDemo */ = {
			isa = PBXGroup;
			children = (
				63C40032276B395A009C680B /* AppDelegate.swift */,
				63C40034276B395A009C680B /* SceneDelegate.swift */,
				63396327276F2636006106B2 /* TestViewControllerA.swift */,
				704D54A527781C6F00D645AA /* AutoLayout */,
				704D548D2778133800D645AA /* Tools */,
				704D549B2778136800D645AA /* Class */,
				704D549A2778136800D645AA /* Other */,
				70D4F9332774C440002ACB01 /* Property List.plist */,
				639DDD3127CB954600D5E802 /* SwiftUIList.plist */,
				63C40038276B395A009C680B /* Main.storyboard */,
				63C4003B276B395B009C680B /* Assets.xcassets */,
				63C4003D276B395B009C680B /* LaunchScreen.storyboard */,
				63C40040276B395B009C680B /* Info.plist */,
			);
			path = SwiftDemo;
			sourceTree = "<group>";
		};
		70319636278332A0002D43D2 /* CombineRequest */ = {
			isa = PBXGroup;
			children = (
				70319637278332B6002D43D2 /* CombineSearchAPI.swift */,
				70319639278332C3002D43D2 /* CombineAPI.swift */,
			);
			path = CombineRequest;
			sourceTree = "<group>";
		};
		704D548D2778133800D645AA /* Tools */ = {
			isa = PBXGroup;
			children = (
				704D548E2778133800D645AA /* Date.swift */,
				704D548F2778133800D645AA /* UIBarButtonItem_Extension.swift */,
				704D54902778133800D645AA /* NetworkTools.swift */,
				704D54912778133800D645AA /* UIColorExtension.swift */,
				704D54922778133800D645AA /* UIColor-Extension.swift */,
				704D54932778133800D645AA /* Common.swift */,
			);
			path = Tools;
			sourceTree = "<group>";
		};
		704D549A2778136800D645AA /* Other */ = {
			isa = PBXGroup;
			children = (
				63396329276F268F006106B2 /* TestViewControllerB.swift */,
			);
			name = Other;
			path = SwiftDemo/Other;
			sourceTree = SOURCE_ROOT;
		};
		704D549B2778136800D645AA /* Class */ = {
			isa = PBXGroup;
			children = (
				639DDD3327CC6A6A00D5E802 /* Dictionary */,
				6357F67427BF64C600374CF4 /* TimerCount */,
				63718573279D5070005195FB /* CoreText */,
				63718548279C3EFD005195FB /* Gradient */,
				63715930277EDAEF00CB297B /* Array */,
				6371592B277ED64C00CB297B /* Combine */,
				6371592A277ED64C00CB297B /* Protocol */,
				631902952779CCD5009017D6 /* MPTextView */,
				631902922779CC1A009017D6 /* URLComponents */,
				6331675D27C7A671005B5D53 /* Block */,
				63005AE927FC078D003F49D6 /* Alert */,
				63495E0D2819255C00441980 /* pageHeader */,
			);
			name = Class;
			path = SwiftDemo/Class;
			sourceTree = SOURCE_ROOT;
		};
		704D54A527781C6F00D645AA /* AutoLayout */ = {
			isa = PBXGroup;
			children = (
				704D54A627781C6F00D645AA /* AutoLayoutResizable.swift */,
				704D54A727781C6F00D645AA /* AutoLayout.swift */,
				704D54A827781C6F00D645AA /* AutoLayoutElement.swift */,
				704D54A927781C6F00D645AA /* NSLayoutConstraint.swift */,
				704D54AA27781C6F00D645AA /* AutoLayoutCompatible.swift */,
			);
			path = AutoLayout;
			sourceTree = "<group>";
		};
		E356B782AB537EFCA6C1FF79 /* Pods */ = {
			isa = PBXGroup;
			children = (
				8C7F7D2D3017625B3435EEED /* Pods-SwiftDemo.debug.xcconfig */,
				00765901070F5664066E97E6 /* Pods-SwiftDemo.release.xcconfig */,
			);
			path = Pods;
			sourceTree = "<group>";
		};
		F56760065428DCCCED1B4843 /* Frameworks */ = {
			isa = PBXGroup;
			children = (
				8AB7C5B16F69B97F4EDBAE4F /* Pods_SwiftDemo.framework */,
			);
			name = Frameworks;
			sourceTree = "<group>";
		};
/* End PBXGroup section */

/* Begin PBXNativeTarget section */
		63C4002E276B395A009C680B /* SwiftDemo */ = {
			isa = PBXNativeTarget;
			buildConfigurationList = 63C40043276B395B009C680B /* Build configuration list for PBXNativeTarget "SwiftDemo" */;
			buildPhases = (
				5F48617E01109C9A0BB5133B /* [CP] Check Pods Manifest.lock */,
				63C4002B276B395A009C680B /* Sources */,
				63C4002C276B395A009C680B /* Frameworks */,
				63C4002D276B395A009C680B /* Resources */,
				B0ABD02764A3561B470DDB68 /* [CP] Embed Pods Frameworks */,
			);
			buildRules = (
			);
			dependencies = (
			);
			name = SwiftDemo;
			productName = SwiftDemo;
			productReference = 63C4002F276B395A009C680B /* SwiftDemo.app */;
			productType = "com.apple.product-type.application";
		};
/* End PBXNativeTarget section */

/* Begin PBXProject section */
		63C40027276B395A009C680B /* Project object */ = {
			isa = PBXProject;
			attributes = {
				BuildIndependentTargetsInParallel = 1;
				LastSwiftUpdateCheck = 1300;
				LastUpgradeCheck = 1300;
				TargetAttributes = {
					63C4002E276B395A009C680B = {
						CreatedOnToolsVersion = 13.0;
						LastSwiftMigration = 1300;
					};
				};
			};
			buildConfigurationList = 63C4002A276B395A009C680B /* Build configuration list for PBXProject "SwiftDemo" */;
			compatibilityVersion = "Xcode 13.0";
			developmentRegion = en;
			hasScannedForEncodings = 0;
			knownRegions = (
				en,
				Base,
			);
			mainGroup = 63C40026276B395A009C680B;
			productRefGroup = 63C40030276B395A009C680B /* Products */;
			projectDirPath = "";
			projectRoot = "";
			targets = (
				63C4002E276B395A009C680B /* SwiftDemo */,
			);
		};
/* End PBXProject section */

/* Begin PBXResourcesBuildPhase section */
		63C4002D276B395A009C680B /* Resources */ = {
			isa = PBXResourcesBuildPhase;
			buildActionMask = 2147483647;
			files = (
				639DDD3227CB954600D5E802 /* SwiftUIList.plist in Resources */,
				63C4003F276B395B009C680B /* LaunchScreen.storyboard in Resources */,
				63C4003C276B395B009C680B /* Assets.xcassets in Resources */,
				70D4F9342774C440002ACB01 /* Property List.plist in Resources */,
				63C4003A276B395A009C680B /* Main.storyboard in Resources */,
			);
			runOnlyForDeploymentPostprocessing = 0;
		};
/* End PBXResourcesBuildPhase section */

/* Begin PBXShellScriptBuildPhase section */
		5F48617E01109C9A0BB5133B /* [CP] Check Pods Manifest.lock */ = {
			isa = PBXShellScriptBuildPhase;
			buildActionMask = 2147483647;
			files = (
			);
			inputFileListPaths = (
			);
			inputPaths = (
				"${PODS_PODFILE_DIR_PATH}/Podfile.lock",
				"${PODS_ROOT}/Manifest.lock",
			);
			name = "[CP] Check Pods Manifest.lock";
			outputFileListPaths = (
			);
			outputPaths = (
				"$(DERIVED_FILE_DIR)/Pods-SwiftDemo-checkManifestLockResult.txt",
			);
			runOnlyForDeploymentPostprocessing = 0;
			shellPath = /bin/sh;
			shellScript = "diff \"${PODS_PODFILE_DIR_PATH}/Podfile.lock\" \"${PODS_ROOT}/Manifest.lock\" > /dev/null\nif [ $? != 0 ] ; then\n    # print error to STDERR\n    echo \"error: The sandbox is not in sync with the Podfile.lock. Run 'pod install' or update your CocoaPods installation.\" >&2\n    exit 1\nfi\n# This output is used by Xcode 'outputs' to avoid re-running this script phase.\necho \"SUCCESS\" > \"${SCRIPT_OUTPUT_FILE_0}\"\n";
			showEnvVarsInLog = 0;
		};
		B0ABD02764A3561B470DDB68 /* [CP] Embed Pods Frameworks */ = {
			isa = PBXShellScriptBuildPhase;
			buildActionMask = 2147483647;
			files = (
			);
			inputFileListPaths = (
				"${PODS_ROOT}/Target Support Files/Pods-SwiftDemo/Pods-SwiftDemo-frameworks-${CONFIGURATION}-input-files.xcfilelist",
			);
			name = "[CP] Embed Pods Frameworks";
			outputFileListPaths = (
				"${PODS_ROOT}/Target Support Files/Pods-SwiftDemo/Pods-SwiftDemo-frameworks-${CONFIGURATION}-output-files.xcfilelist",
			);
			runOnlyForDeploymentPostprocessing = 0;
			shellPath = /bin/sh;
			shellScript = "\"${PODS_ROOT}/Target Support Files/Pods-SwiftDemo/Pods-SwiftDemo-frameworks.sh\"\n";
			showEnvVarsInLog = 0;
		};
/* End PBXShellScriptBuildPhase section */

/* Begin PBXSourcesBuildPhase section */
		63C4002B276B395A009C680B /* Sources */ = {
			isa = PBXSourcesBuildPhase;
			buildActionMask = 2147483647;
			files = (
				704D54962778133800D645AA /* NetworkTools.swift in Sources */,
				704D54A427781C5D00D645AA /* MPTextView.swift in Sources */,
				704D54A227781B6D00D645AA /* TestMPTextViewViewController.swift in Sources */,
				704D54AD27781C6F00D645AA /* AutoLayoutElement.swift in Sources */,
				63005AED27FC07AB003F49D6 /* TestAlertViewController.swift in Sources */,
				704D54AC27781C6F00D645AA /* AutoLayout.swift in Sources */,
				63B92B9D2826265A0079F604 /* SegementSlideAction.swift in Sources */,
				7031963F278A98E6002D43D2 /* TestNSObjectProtocol.swift in Sources */,
				63B92B9F2826265F0079F604 /* SegementSlideHeader.swift in Sources */,
				70319638278332B6002D43D2 /* CombineSearchAPI.swift in Sources */,
				6371854A279C3F13005195FB /* GradientViewcontrollerViewController.swift in Sources */,
				63396328276F2636006106B2 /* TestViewControllerA.swift in Sources */,
				63715934277F09A100CB297B /* TestCombine.swift in Sources */,
				6328D7FB28101F6900960CAE /* TestScrollViewControllerViewViewController.swift in Sources */,
				63715932277EDAFE00CB297B /* TestArrayViewController.swift in Sources */,
				639DDD3527CC6A7E00D5E802 /* Dictionary.swift in Sources */,
				6371592D277ED65B00CB297B /* TestCombineViewController.swift in Sources */,
				704D54942778133800D645AA /* Date.swift in Sources */,
				704D54972778133800D645AA /* UIColorExtension.swift in Sources */,
				639B41F627D726A700E4E281 /* EqutableViewController.swift in Sources */,
				704D54982778133800D645AA /* UIColor-Extension.swift in Sources */,
				704D54AE27781C6F00D645AA /* NSLayoutConstraint.swift in Sources */,
				7031963A278332C3002D43D2 /* CombineAPI.swift in Sources */,
				704D54952778133800D645AA /* UIBarButtonItem_Extension.swift in Sources */,
				6371857C279E6F87005195FB /* MPCornerMaskedButton.swift in Sources */,
				6339632A276F268F006106B2 /* TestViewControllerB.swift in Sources */,
				631902942779CC44009017D6 /* TestURLComponentViewController.swift in Sources */,
				63C40033276B395A009C680B /* AppDelegate.swift in Sources */,
				6371592F277ED66500CB297B /* TestProtocolViewController.swift in Sources */,
				6371857A279D6D31005195FB /* TextViewViewController.swift in Sources */,
				704D54AB27781C6F00D645AA /* AutoLayoutResizable.swift in Sources */,
				63495E2428192DC900441980 /* TestSafe.swift in Sources */,
				704D54A02778139B00D645AA /* TestA.swift in Sources */,
				6331675F27C7A690005B5D53 /* TestBlockViewController.swift in Sources */,
				704D54B3277A01A700D645AA /* TestCoadbleViewController.swift in Sources */,
				6357F67827BF654400374CF4 /* CountDownViewController.swift in Sources */,
				704D54992778133800D645AA /* Common.swift in Sources */,
				704D54AF27781C6F00D645AA /* AutoLayoutCompatible.swift in Sources */,
				63B92B96282621EC0079F604 /* TestPageHeaderCustomeTitleVC.swift in Sources */,
				63B92BA328263FFE0079F604 /* SegementSlideCommonSet.swift in Sources */,
				704D54B12778278B00D645AA /* TestTextView.swift in Sources */,
				63C40035276B395A009C680B /* SceneDelegate.swift in Sources */,
				63718578279D5092005195FB /* CoreTextViewController.swift in Sources */,
				63B92B99282626480079F604 /* SegementSlideHeaderSource.swift in Sources */,
				63715936277F167200CB297B /* TestcombileLab.swift in Sources */,
				6357F67627BF64D300374CF4 /* Timer.swift in Sources */,
			);
			runOnlyForDeploymentPostprocessing = 0;
		};
/* End PBXSourcesBuildPhase section */

/* Begin PBXVariantGroup section */
		63C40038276B395A009C680B /* Main.storyboard */ = {
			isa = PBXVariantGroup;
			children = (
				63C40039276B395A009C680B /* Base */,
			);
			name = Main.storyboard;
			sourceTree = "<group>";
		};
		63C4003D276B395B009C680B /* LaunchScreen.storyboard */ = {
			isa = PBXVariantGroup;
			children = (
				63C4003E276B395B009C680B /* Base */,
			);
			name = LaunchScreen.storyboard;
			sourceTree = "<group>";
		};
/* End PBXVariantGroup section */

/* Begin XCBuildConfiguration section */
		63C40041276B395B009C680B /* Debug */ = {
			isa = XCBuildConfiguration;
			buildSettings = {
				ALWAYS_SEARCH_USER_PATHS = NO;
				CLANG_ANALYZER_NONNULL = YES;
				CLANG_ANALYZER_NUMBER_OBJECT_CONVERSION = YES_AGGRESSIVE;
				CLANG_CXX_LANGUAGE_STANDARD = "gnu++17";
				CLANG_CXX_LIBRARY = "libc++";
				CLANG_ENABLE_MODULES = YES;
				CLANG_ENABLE_OBJC_ARC = YES;
				CLANG_ENABLE_OBJC_WEAK = YES;
				CLANG_WARN_BLOCK_CAPTURE_AUTORELEASING = YES;
				CLANG_WARN_BOOL_CONVERSION = YES;
				CLANG_WARN_COMMA = YES;
				CLANG_WARN_CONSTANT_CONVERSION = YES;
				CLANG_WARN_DEPRECATED_OBJC_IMPLEMENTATIONS = YES;
				CLANG_WARN_DIRECT_OBJC_ISA_USAGE = YES_ERROR;
				CLANG_WARN_DOCUMENTATION_COMMENTS = YES;
				CLANG_WARN_EMPTY_BODY = YES;
				CLANG_WARN_ENUM_CONVERSION = YES;
				CLANG_WARN_INFINITE_RECURSION = YES;
				CLANG_WARN_INT_CONVERSION = YES;
				CLANG_WARN_NON_LITERAL_NULL_CONVERSION = YES;
				CLANG_WARN_OBJC_IMPLICIT_RETAIN_SELF = YES;
				CLANG_WARN_OBJC_LITERAL_CONVERSION = YES;
				CLANG_WARN_OBJC_ROOT_CLASS = YES_ERROR;
				CLANG_WARN_QUOTED_INCLUDE_IN_FRAMEWORK_HEADER = YES;
				CLANG_WARN_RANGE_LOOP_ANALYSIS = YES;
				CLANG_WARN_STRICT_PROTOTYPES = YES;
				CLANG_WARN_SUSPICIOUS_MOVE = YES;
				CLANG_WARN_UNGUARDED_AVAILABILITY = YES_AGGRESSIVE;
				CLANG_WARN_UNREACHABLE_CODE = YES;
				CLANG_WARN__DUPLICATE_METHOD_MATCH = YES;
				COPY_PHASE_STRIP = NO;
				DEBUG_INFORMATION_FORMAT = dwarf;
				ENABLE_STRICT_OBJC_MSGSEND = YES;
				ENABLE_TESTABILITY = YES;
				GCC_C_LANGUAGE_STANDARD = gnu11;
				GCC_DYNAMIC_NO_PIC = NO;
				GCC_NO_COMMON_BLOCKS = YES;
				GCC_OPTIMIZATION_LEVEL = 0;
				GCC_PREPROCESSOR_DEFINITIONS = (
					"DEBUG=1",
					"$(inherited)",
				);
				GCC_WARN_64_TO_32_BIT_CONVERSION = YES;
				GCC_WARN_ABOUT_RETURN_TYPE = YES_ERROR;
				GCC_WARN_UNDECLARED_SELECTOR = YES;
				GCC_WARN_UNINITIALIZED_AUTOS = YES_AGGRESSIVE;
				GCC_WARN_UNUSED_FUNCTION = YES;
				GCC_WARN_UNUSED_VARIABLE = YES;
				IPHONEOS_DEPLOYMENT_TARGET = 15.0;
				MTL_ENABLE_DEBUG_INFO = INCLUDE_SOURCE;
				MTL_FAST_MATH = YES;
				ONLY_ACTIVE_ARCH = YES;
				SDKROOT = iphoneos;
				SWIFT_ACTIVE_COMPILATION_CONDITIONS = DEBUG;
				SWIFT_OPTIMIZATION_LEVEL = "-Onone";
			};
			name = Debug;
		};
		63C40042276B395B009C680B /* Release */ = {
			isa = XCBuildConfiguration;
			buildSettings = {
				ALWAYS_SEARCH_USER_PATHS = NO;
				CLANG_ANALYZER_NONNULL = YES;
				CLANG_ANALYZER_NUMBER_OBJECT_CONVERSION = YES_AGGRESSIVE;
				CLANG_CXX_LANGUAGE_STANDARD = "gnu++17";
				CLANG_CXX_LIBRARY = "libc++";
				CLANG_ENABLE_MODULES = YES;
				CLANG_ENABLE_OBJC_ARC = YES;
				CLANG_ENABLE_OBJC_WEAK = YES;
				CLANG_WARN_BLOCK_CAPTURE_AUTORELEASING = YES;
				CLANG_WARN_BOOL_CONVERSION = YES;
				CLANG_WARN_COMMA = YES;
				CLANG_WARN_CONSTANT_CONVERSION = YES;
				CLANG_WARN_DEPRECATED_OBJC_IMPLEMENTATIONS = YES;
				CLANG_WARN_DIRECT_OBJC_ISA_USAGE = YES_ERROR;
				CLANG_WARN_DOCUMENTATION_COMMENTS = YES;
				CLANG_WARN_EMPTY_BODY = YES;
				CLANG_WARN_ENUM_CONVERSION = YES;
				CLANG_WARN_INFINITE_RECURSION = YES;
				CLANG_WARN_INT_CONVERSION = YES;
				CLANG_WARN_NON_LITERAL_NULL_CONVERSION = YES;
				CLANG_WARN_OBJC_IMPLICIT_RETAIN_SELF = YES;
				CLANG_WARN_OBJC_LITERAL_CONVERSION = YES;
				CLANG_WARN_OBJC_ROOT_CLASS = YES_ERROR;
				CLANG_WARN_QUOTED_INCLUDE_IN_FRAMEWORK_HEADER = YES;
				CLANG_WARN_RANGE_LOOP_ANALYSIS = YES;
				CLANG_WARN_STRICT_PROTOTYPES = YES;
				CLANG_WARN_SUSPICIOUS_MOVE = YES;
				CLANG_WARN_UNGUARDED_AVAILABILITY = YES_AGGRESSIVE;
				CLANG_WARN_UNREACHABLE_CODE = YES;
				CLANG_WARN__DUPLICATE_METHOD_MATCH = YES;
				COPY_PHASE_STRIP = NO;
				DEBUG_INFORMATION_FORMAT = "dwarf-with-dsym";
				ENABLE_NS_ASSERTIONS = NO;
				ENABLE_STRICT_OBJC_MSGSEND = YES;
				GCC_C_LANGUAGE_STANDARD = gnu11;
				GCC_NO_COMMON_BLOCKS = YES;
				GCC_WARN_64_TO_32_BIT_CONVERSION = YES;
				GCC_WARN_ABOUT_RETURN_TYPE = YES_ERROR;
				GCC_WARN_UNDECLARED_SELECTOR = YES;
				GCC_WARN_UNINITIALIZED_AUTOS = YES_AGGRESSIVE;
				GCC_WARN_UNUSED_FUNCTION = YES;
				GCC_WARN_UNUSED_VARIABLE = YES;
				IPHONEOS_DEPLOYMENT_TARGET = 15.0;
				MTL_ENABLE_DEBUG_INFO = NO;
				MTL_FAST_MATH = YES;
				SDKROOT = iphoneos;
				SWIFT_COMPILATION_MODE = wholemodule;
				SWIFT_OPTIMIZATION_LEVEL = "-O";
				VALIDATE_PRODUCT = YES;
			};
			name = Release;
		};
		63C40044276B395B009C680B /* Debug */ = {
			isa = XCBuildConfiguration;
			baseConfigurationReference = 8C7F7D2D3017625B3435EEED /* Pods-SwiftDemo.debug.xcconfig */;
			buildSettings = {
				ASSETCATALOG_COMPILER_APPICON_NAME = AppIcon;
				ASSETCATALOG_COMPILER_GLOBAL_ACCENT_COLOR_NAME = AccentColor;
				CLANG_ENABLE_MODULES = YES;
				CODE_SIGN_STYLE = Automatic;
				CURRENT_PROJECT_VERSION = 1;
				DEVELOPMENT_TEAM = L8MRL9B64V;
				FRAMEWORK_SEARCH_PATHS = (
					"$(inherited)",
					"$(PROJECT_DIR)/SwiftDemo",
				);
				GENERATE_INFOPLIST_FILE = YES;
				INFOPLIST_FILE = SwiftDemo/Info.plist;
				INFOPLIST_KEY_UIApplicationSupportsIndirectInputEvents = YES;
				INFOPLIST_KEY_UILaunchStoryboardName = LaunchScreen;
				INFOPLIST_KEY_UIMainStoryboardFile = Main;
				INFOPLIST_KEY_UISupportedInterfaceOrientations_iPad = "UIInterfaceOrientationPortrait UIInterfaceOrientationPortraitUpsideDown UIInterfaceOrientationLandscapeLeft UIInterfaceOrientationLandscapeRight";
				INFOPLIST_KEY_UISupportedInterfaceOrientations_iPhone = "UIInterfaceOrientationPortrait UIInterfaceOrientationLandscapeLeft UIInterfaceOrientationLandscapeRight";
				LD_RUNPATH_SEARCH_PATHS = (
					"$(inherited)",
					"@executable_path/Frameworks",
				);
				MARKETING_VERSION = 1.0;
				PRODUCT_BUNDLE_IDENTIFIER = com.nio.test.SwiftDemo;
				PRODUCT_NAME = "$(TARGET_NAME)";
				SWIFT_EMIT_LOC_STRINGS = YES;
				SWIFT_OPTIMIZATION_LEVEL = "-Onone";
				SWIFT_VERSION = 5.0;
				TARGETED_DEVICE_FAMILY = "1,2";
			};
			name = Debug;
		};
		63C40045276B395B009C680B /* Release */ = {
			isa = XCBuildConfiguration;
			baseConfigurationReference = 00765901070F5664066E97E6 /* Pods-SwiftDemo.release.xcconfig */;
			buildSettings = {
				ASSETCATALOG_COMPILER_APPICON_NAME = AppIcon;
				ASSETCATALOG_COMPILER_GLOBAL_ACCENT_COLOR_NAME = AccentColor;
				CLANG_ENABLE_MODULES = YES;
				CODE_SIGN_STYLE = Automatic;
				CURRENT_PROJECT_VERSION = 1;
				DEVELOPMENT_TEAM = L8MRL9B64V;
				FRAMEWORK_SEARCH_PATHS = (
					"$(inherited)",
					"$(PROJECT_DIR)/SwiftDemo",
				);
				GENERATE_INFOPLIST_FILE = YES;
				INFOPLIST_FILE = SwiftDemo/Info.plist;
				INFOPLIST_KEY_UIApplicationSupportsIndirectInputEvents = YES;
				INFOPLIST_KEY_UILaunchStoryboardName = LaunchScreen;
				INFOPLIST_KEY_UIMainStoryboardFile = Main;
				INFOPLIST_KEY_UISupportedInterfaceOrientations_iPad = "UIInterfaceOrientationPortrait UIInterfaceOrientationPortraitUpsideDown UIInterfaceOrientationLandscapeLeft UIInterfaceOrientationLandscapeRight";
				INFOPLIST_KEY_UISupportedInterfaceOrientations_iPhone = "UIInterfaceOrientationPortrait UIInterfaceOrientationLandscapeLeft UIInterfaceOrientationLandscapeRight";
				LD_RUNPATH_SEARCH_PATHS = (
					"$(inherited)",
					"@executable_path/Frameworks",
				);
				MARKETING_VERSION = 1.0;
				PRODUCT_BUNDLE_IDENTIFIER = com.nio.test.SwiftDemo;
				PRODUCT_NAME = "$(TARGET_NAME)";
				SWIFT_EMIT_LOC_STRINGS = YES;
				SWIFT_VERSION = 5.0;
				TARGETED_DEVICE_FAMILY = "1,2";
			};
			name = Release;
		};
/* End XCBuildConfiguration section */

/* Begin XCConfigurationList section */
		63C4002A276B395A009C680B /* Build configuration list for PBXProject "SwiftDemo" */ = {
			isa = XCConfigurationList;
			buildConfigurations = (
				63C40041276B395B009C680B /* Debug */,
				63C40042276B395B009C680B /* Release */,
			);
			defaultConfigurationIsVisible = 0;
			defaultConfigurationName = Release;
		};
		63C40043276B395B009C680B /* Build configuration list for PBXNativeTarget "SwiftDemo" */ = {
			isa = XCConfigurationList;
			buildConfigurations = (
				63C40044276B395B009C680B /* Debug */,
				63C40045276B395B009C680B /* Release */,
			);
			defaultConfigurationIsVisible = 0;
			defaultConfigurationName = Release;
		};
/* End XCConfigurationList section */
	};
	rootObject = 63C40027276B395A009C680B /* Project object */;
}
