// !$*UTF8*$!
{
	archiveVersion = 1;
	classes = {
	};
	objectVersion = 55;
	objects = {

/* Begin PBXBuildFile section */
		2813041004814B35719499C2 /* Pods_TestHorizelScroll.framework in Frameworks */ = {isa = PBXBuildFile; fileRef = FC676214BBF84965295653FE /* Pods_TestHorizelScroll.framework */; };
		6389457E285C6EAE00ACC685 /* AppDelegate.swift in Sources */ = {isa = PBXBuildFile; fileRef = 6389457D285C6EAE00ACC685 /* AppDelegate.swift */; };
		63894580285C6EAE00ACC685 /* SceneDelegate.swift in Sources */ = {isa = PBXBuildFile; fileRef = 6389457F285C6EAE00ACC685 /* SceneDelegate.swift */; };
		63894582285C6EAE00ACC685 /* ViewController.swift in Sources */ = {isa = PBXBuildFile; fileRef = 63894581285C6EAE00ACC685 /* ViewController.swift */; };
		63894585285C6EAE00ACC685 /* Main.storyboard in Resources */ = {isa = PBXBuildFile; fileRef = 63894583285C6EAE00ACC685 /* Main.storyboard */; };
		63894587285C6EB000ACC685 /* Assets.xcassets in Resources */ = {isa = PBXBuildFile; fileRef = 63894586285C6EB000ACC685 /* Assets.xcassets */; };
		6389458A285C6EB000ACC685 /* LaunchScreen.storyboard in Resources */ = {isa = PBXBuildFile; fileRef = 63894588285C6EB000ACC685 /* LaunchScreen.storyboard */; };
/* End PBXBuildFile section */

/* Begin PBXFileReference section */
		08F6F0DA2C5F3DCF2ABD30CF /* Pods-TestHorizelScroll.debug.xcconfig */ = {isa = PBXFileReference; includeInIndex = 1; lastKnownFileType = text.xcconfig; name = "Pods-TestHorizelScroll.debug.xcconfig"; path = "Target Support Files/Pods-TestHorizelScroll/Pods-TestHorizelScroll.debug.xcconfig"; sourceTree = "<group>"; };
		0D3271E5CB748FEC49148CD6 /* Pods-TestHorizelScroll.release.xcconfig */ = {isa = PBXFileReference; includeInIndex = 1; lastKnownFileType = text.xcconfig; name = "Pods-TestHorizelScroll.release.xcconfig"; path = "Target Support Files/Pods-TestHorizelScroll/Pods-TestHorizelScroll.release.xcconfig"; sourceTree = "<group>"; };
		6389457A285C6EAE00ACC685 /* TestHorizelScroll.app */ = {isa = PBXFileReference; explicitFileType = wrapper.application; includeInIndex = 0; path = TestHorizelScroll.app; sourceTree = BUILT_PRODUCTS_DIR; };
		6389457D285C6EAE00ACC685 /* AppDelegate.swift */ = {isa = PBXFileReference; lastKnownFileType = sourcecode.swift; path = AppDelegate.swift; sourceTree = "<group>"; };
		6389457F285C6EAE00ACC685 /* SceneDelegate.swift */ = {isa = PBXFileReference; lastKnownFileType = sourcecode.swift; path = SceneDelegate.swift; sourceTree = "<group>"; };
		63894581285C6EAE00ACC685 /* ViewController.swift */ = {isa = PBXFileReference; lastKnownFileType = sourcecode.swift; path = ViewController.swift; sourceTree = "<group>"; };
		63894584285C6EAE00ACC685 /* Base */ = {isa = PBXFileReference; lastKnownFileType = file.storyboard; name = Base; path = Base.lproj/Main.storyboard; sourceTree = "<group>"; };
		63894586285C6EB000ACC685 /* Assets.xcassets */ = {isa = PBXFileReference; lastKnownFileType = folder.assetcatalog; path = Assets.xcassets; sourceTree = "<group>"; };
		63894589285C6EB000ACC685 /* Base */ = {isa = PBXFileReference; lastKnownFileType = file.storyboard; name = Base; path = Base.lproj/LaunchScreen.storyboard; sourceTree = "<group>"; };
		6389458B285C6EB000ACC685 /* Info.plist */ = {isa = PBXFileReference; lastKnownFileType = text.plist.xml; path = Info.plist; sourceTree = "<group>"; };
		FC676214BBF84965295653FE /* Pods_TestHorizelScroll.framework */ = {isa = PBXFileReference; explicitFileType = wrapper.framework; includeInIndex = 0; path = Pods_TestHorizelScroll.framework; sourceTree = BUILT_PRODUCTS_DIR; };
/* End PBXFileReference section */

/* Begin PBXFrameworksBuildPhase section */
		63894577285C6EAE00ACC685 /* Frameworks */ = {
			isa = PBXFrameworksBuildPhase;
			buildActionMask = 2147483647;
			files = (
				2813041004814B35719499C2 /* Pods_TestHorizelScroll.framework in Frameworks */,
			);
			runOnlyForDeploymentPostprocessing = 0;
		};
/* End PBXFrameworksBuildPhase section */

/* Begin PBXGroup section */
		45102F22E53C8FF2CF3583DC /* Frameworks */ = {
			isa = PBXGroup;
			children = (
				FC676214BBF84965295653FE /* Pods_TestHorizelScroll.framework */,
			);
			name = Frameworks;
			sourceTree = "<group>";
		};
		63894571285C6EAE00ACC685 = {
			isa = PBXGroup;
			children = (
				6389457C285C6EAE00ACC685 /* TestHorizelScroll */,
				6389457B285C6EAE00ACC685 /* Products */,
				7DBD9560CD971F2A245FCB9B /* Pods */,
				45102F22E53C8FF2CF3583DC /* Frameworks */,
			);
			sourceTree = "<group>";
		};
		6389457B285C6EAE00ACC685 /* Products */ = {
			isa = PBXGroup;
			children = (
				6389457A285C6EAE00ACC685 /* TestHorizelScroll.app */,
			);
			name = Products;
			sourceTree = "<group>";
		};
		6389457C285C6EAE00ACC685 /* TestHorizelScroll */ = {
			isa = PBXGroup;
			children = (
				6389457D285C6EAE00ACC685 /* AppDelegate.swift */,
				6389457F285C6EAE00ACC685 /* SceneDelegate.swift */,
				63894581285C6EAE00ACC685 /* ViewController.swift */,
				63894583285C6EAE00ACC685 /* Main.storyboard */,
				63894586285C6EB000ACC685 /* Assets.xcassets */,
				63894588285C6EB000ACC685 /* LaunchScreen.storyboard */,
				6389458B285C6EB000ACC685 /* Info.plist */,
			);
			path = TestHorizelScroll;
			sourceTree = "<group>";
		};
		7DBD9560CD971F2A245FCB9B /* Pods */ = {
			isa = PBXGroup;
			children = (
				08F6F0DA2C5F3DCF2ABD30CF /* Pods-TestHorizelScroll.debug.xcconfig */,
				0D3271E5CB748FEC49148CD6 /* Pods-TestHorizelScroll.release.xcconfig */,
			);
			name = Pods;
			path = Pods;
			sourceTree = "<group>";
		};
/* End PBXGroup section */

/* Begin PBXNativeTarget section */
		63894579285C6EAE00ACC685 /* TestHorizelScroll */ = {
			isa = PBXNativeTarget;
			buildConfigurationList = 6389458E285C6EB000ACC685 /* Build configuration list for PBXNativeTarget "TestHorizelScroll" */;
			buildPhases = (
				AE5B98BDF819D72E7F20BB6D /* [CP] Check Pods Manifest.lock */,
				63894576285C6EAE00ACC685 /* Sources */,
				63894577285C6EAE00ACC685 /* Frameworks */,
				63894578285C6EAE00ACC685 /* Resources */,
				6400A1A044B1B8EFC9799B3C /* [CP] Embed Pods Frameworks */,
			);
			buildRules = (
			);
			dependencies = (
			);
			name = TestHorizelScroll;
			productName = TestHorizelScroll;
			productReference = 6389457A285C6EAE00ACC685 /* TestHorizelScroll.app */;
			productType = "com.apple.product-type.application";
		};
/* End PBXNativeTarget section */

/* Begin PBXProject section */
		63894572285C6EAE00ACC685 /* Project object */ = {
			isa = PBXProject;
			attributes = {
				BuildIndependentTargetsInParallel = 1;
				LastSwiftUpdateCheck = 1320;
				LastUpgradeCheck = 1320;
				TargetAttributes = {
					63894579285C6EAE00ACC685 = {
						CreatedOnToolsVersion = 13.2.1;
					};
				};
			};
			buildConfigurationList = 63894575285C6EAE00ACC685 /* Build configuration list for PBXProject "TestHorizelScroll" */;
			compatibilityVersion = "Xcode 13.0";
			developmentRegion = en;
			hasScannedForEncodings = 0;
			knownRegions = (
				en,
				Base,
			);
			mainGroup = 63894571285C6EAE00ACC685;
			productRefGroup = 6389457B285C6EAE00ACC685 /* Products */;
			projectDirPath = "";
			projectRoot = "";
			targets = (
				63894579285C6EAE00ACC685 /* TestHorizelScroll */,
			);
		};
/* End PBXProject section */

/* Begin PBXResourcesBuildPhase section */
		63894578285C6EAE00ACC685 /* Resources */ = {
			isa = PBXResourcesBuildPhase;
			buildActionMask = 2147483647;
			files = (
				6389458A285C6EB000ACC685 /* LaunchScreen.storyboard in Resources */,
				63894587285C6EB000ACC685 /* Assets.xcassets in Resources */,
				63894585285C6EAE00ACC685 /* Main.storyboard in Resources */,
			);
			runOnlyForDeploymentPostprocessing = 0;
		};
/* End PBXResourcesBuildPhase section */

/* Begin PBXShellScriptBuildPhase section */
		6400A1A044B1B8EFC9799B3C /* [CP] Embed Pods Frameworks */ = {
			isa = PBXShellScriptBuildPhase;
			buildActionMask = 2147483647;
			files = (
			);
			inputFileListPaths = (
				"${PODS_ROOT}/Target Support Files/Pods-TestHorizelScroll/Pods-TestHorizelScroll-frameworks-${CONFIGURATION}-input-files.xcfilelist",
			);
			name = "[CP] Embed Pods Frameworks";
			outputFileListPaths = (
				"${PODS_ROOT}/Target Support Files/Pods-TestHorizelScroll/Pods-TestHorizelScroll-frameworks-${CONFIGURATION}-output-files.xcfilelist",
			);
			runOnlyForDeploymentPostprocessing = 0;
			shellPath = /bin/sh;
			shellScript = "\"${PODS_ROOT}/Target Support Files/Pods-TestHorizelScroll/Pods-TestHorizelScroll-frameworks.sh\"\n";
			showEnvVarsInLog = 0;
		};
		AE5B98BDF819D72E7F20BB6D /* [CP] Check Pods Manifest.lock */ = {
			isa = PBXShellScriptBuildPhase;
			buildActionMask = 2147483647;
			files = (
			);
			inputFileListPaths = (
			);
			inputPaths = (
				"${PODS_PODFILE_DIR_PATH}/Podfile.lock",
				"${PODS_ROOT}/Manifest.lock",
			);
			name = "[CP] Check Pods Manifest.lock";
			outputFileListPaths = (
			);
			outputPaths = (
				"$(DERIVED_FILE_DIR)/Pods-TestHorizelScroll-checkManifestLockResult.txt",
			);
			runOnlyForDeploymentPostprocessing = 0;
			shellPath = /bin/sh;
			shellScript = "diff \"${PODS_PODFILE_DIR_PATH}/Podfile.lock\" \"${PODS_ROOT}/Manifest.lock\" > /dev/null\nif [ $? != 0 ] ; then\n    # print error to STDERR\n    echo \"error: The sandbox is not in sync with the Podfile.lock. Run 'pod install' or update your CocoaPods installation.\" >&2\n    exit 1\nfi\n# This output is used by Xcode 'outputs' to avoid re-running this script phase.\necho \"SUCCESS\" > \"${SCRIPT_OUTPUT_FILE_0}\"\n";
			showEnvVarsInLog = 0;
		};
/* End PBXShellScriptBuildPhase section */

/* Begin PBXSourcesBuildPhase section */
		63894576285C6EAE00ACC685 /* Sources */ = {
			isa = PBXSourcesBuildPhase;
			buildActionMask = 2147483647;
			files = (
				63894582285C6EAE00ACC685 /* ViewController.swift in Sources */,
				6389457E285C6EAE00ACC685 /* AppDelegate.swift in Sources */,
				63894580285C6EAE00ACC685 /* SceneDelegate.swift in Sources */,
			);
			runOnlyForDeploymentPostprocessing = 0;
		};
/* End PBXSourcesBuildPhase section */

/* Begin PBXVariantGroup section */
		63894583285C6EAE00ACC685 /* Main.storyboard */ = {
			isa = PBXVariantGroup;
			children = (
				63894584285C6EAE00ACC685 /* Base */,
			);
			name = Main.storyboard;
			sourceTree = "<group>";
		};
		63894588285C6EB000ACC685 /* LaunchScreen.storyboard */ = {
			isa = PBXVariantGroup;
			children = (
				63894589285C6EB000ACC685 /* Base */,
			);
			name = LaunchScreen.storyboard;
			sourceTree = "<group>";
		};
/* End PBXVariantGroup section */

/* Begin XCBuildConfiguration section */
		6389458C285C6EB000ACC685 /* Debug */ = {
			isa = XCBuildConfiguration;
			buildSettings = {
				ALWAYS_SEARCH_USER_PATHS = NO;
				CLANG_ANALYZER_NONNULL = YES;
				CLANG_ANALYZER_NUMBER_OBJECT_CONVERSION = YES_AGGRESSIVE;
				CLANG_CXX_LANGUAGE_STANDARD = "gnu++17";
				CLANG_CXX_LIBRARY = "libc++";
				CLANG_ENABLE_MODULES = YES;
				CLANG_ENABLE_OBJC_ARC = YES;
				CLANG_ENABLE_OBJC_WEAK = YES;
				CLANG_WARN_BLOCK_CAPTURE_AUTORELEASING = YES;
				CLANG_WARN_BOOL_CONVERSION = YES;
				CLANG_WARN_COMMA = YES;
				CLANG_WARN_CONSTANT_CONVERSION = YES;
				CLANG_WARN_DEPRECATED_OBJC_IMPLEMENTATIONS = YES;
				CLANG_WARN_DIRECT_OBJC_ISA_USAGE = YES_ERROR;
				CLANG_WARN_DOCUMENTATION_COMMENTS = YES;
				CLANG_WARN_EMPTY_BODY = YES;
				CLANG_WARN_ENUM_CONVERSION = YES;
				CLANG_WARN_INFINITE_RECURSION = YES;
				CLANG_WARN_INT_CONVERSION = YES;
				CLANG_WARN_NON_LITERAL_NULL_CONVERSION = YES;
				CLANG_WARN_OBJC_IMPLICIT_RETAIN_SELF = YES;
				CLANG_WARN_OBJC_LITERAL_CONVERSION = YES;
				CLANG_WARN_OBJC_ROOT_CLASS = YES_ERROR;
				CLANG_WARN_QUOTED_INCLUDE_IN_FRAMEWORK_HEADER = YES;
				CLANG_WARN_RANGE_LOOP_ANALYSIS = YES;
				CLANG_WARN_STRICT_PROTOTYPES = YES;
				CLANG_WARN_SUSPICIOUS_MOVE = YES;
				CLANG_WARN_UNGUARDED_AVAILABILITY = YES_AGGRESSIVE;
				CLANG_WARN_UNREACHABLE_CODE = YES;
				CLANG_WARN__DUPLICATE_METHOD_MATCH = YES;
				COPY_PHASE_STRIP = NO;
				DEBUG_INFORMATION_FORMAT = dwarf;
				ENABLE_STRICT_OBJC_MSGSEND = YES;
				ENABLE_TESTABILITY = YES;
				GCC_C_LANGUAGE_STANDARD = gnu11;
				GCC_DYNAMIC_NO_PIC = NO;
				GCC_NO_COMMON_BLOCKS = YES;
				GCC_OPTIMIZATION_LEVEL = 0;
				GCC_PREPROCESSOR_DEFINITIONS = (
					"DEBUG=1",
					"$(inherited)",
				);
				GCC_WARN_64_TO_32_BIT_CONVERSION = YES;
				GCC_WARN_ABOUT_RETURN_TYPE = YES_ERROR;
				GCC_WARN_UNDECLARED_SELECTOR = YES;
				GCC_WARN_UNINITIALIZED_AUTOS = YES_AGGRESSIVE;
				GCC_WARN_UNUSED_FUNCTION = YES;
				GCC_WARN_UNUSED_VARIABLE = YES;
				IPHONEOS_DEPLOYMENT_TARGET = 15.2;
				MTL_ENABLE_DEBUG_INFO = INCLUDE_SOURCE;
				MTL_FAST_MATH = YES;
				ONLY_ACTIVE_ARCH = YES;
				SDKROOT = iphoneos;
				SWIFT_ACTIVE_COMPILATION_CONDITIONS = DEBUG;
				SWIFT_OPTIMIZATION_LEVEL = "-Onone";
			};
			name = Debug;
		};
		6389458D285C6EB000ACC685 /* Release */ = {
			isa = XCBuildConfiguration;
			buildSettings = {
				ALWAYS_SEARCH_USER_PATHS = NO;
				CLANG_ANALYZER_NONNULL = YES;
				CLANG_ANALYZER_NUMBER_OBJECT_CONVERSION = YES_AGGRESSIVE;
				CLANG_CXX_LANGUAGE_STANDARD = "gnu++17";
				CLANG_CXX_LIBRARY = "libc++";
				CLANG_ENABLE_MODULES = YES;
				CLANG_ENABLE_OBJC_ARC = YES;
				CLANG_ENABLE_OBJC_WEAK = YES;
				CLANG_WARN_BLOCK_CAPTURE_AUTORELEASING = YES;
				CLANG_WARN_BOOL_CONVERSION = YES;
				CLANG_WARN_COMMA = YES;
				CLANG_WARN_CONSTANT_CONVERSION = YES;
				CLANG_WARN_DEPRECATED_OBJC_IMPLEMENTATIONS = YES;
				CLANG_WARN_DIRECT_OBJC_ISA_USAGE = YES_ERROR;
				CLANG_WARN_DOCUMENTATION_COMMENTS = YES;
				CLANG_WARN_EMPTY_BODY = YES;
				CLANG_WARN_ENUM_CONVERSION = YES;
				CLANG_WARN_INFINITE_RECURSION = YES;
				CLANG_WARN_INT_CONVERSION = YES;
				CLANG_WARN_NON_LITERAL_NULL_CONVERSION = YES;
				CLANG_WARN_OBJC_IMPLICIT_RETAIN_SELF = YES;
				CLANG_WARN_OBJC_LITERAL_CONVERSION = YES;
				CLANG_WARN_OBJC_ROOT_CLASS = YES_ERROR;
				CLANG_WARN_QUOTED_INCLUDE_IN_FRAMEWORK_HEADER = YES;
				CLANG_WARN_RANGE_LOOP_ANALYSIS = YES;
				CLANG_WARN_STRICT_PROTOTYPES = YES;
				CLANG_WARN_SUSPICIOUS_MOVE = YES;
				CLANG_WARN_UNGUARDED_AVAILABILITY = YES_AGGRESSIVE;
				CLANG_WARN_UNREACHABLE_CODE = YES;
				CLANG_WARN__DUPLICATE_METHOD_MATCH = YES;
				COPY_PHASE_STRIP = NO;
				DEBUG_INFORMATION_FORMAT = "dwarf-with-dsym";
				ENABLE_NS_ASSERTIONS = NO;
				ENABLE_STRICT_OBJC_MSGSEND = YES;
				GCC_C_LANGUAGE_STANDARD = gnu11;
				GCC_NO_COMMON_BLOCKS = YES;
				GCC_WARN_64_TO_32_BIT_CONVERSION = YES;
				GCC_WARN_ABOUT_RETURN_TYPE = YES_ERROR;
				GCC_WARN_UNDECLARED_SELECTOR = YES;
				GCC_WARN_UNINITIALIZED_AUTOS = YES_AGGRESSIVE;
				GCC_WARN_UNUSED_FUNCTION = YES;
				GCC_WARN_UNUSED_VARIABLE = YES;
				IPHONEOS_DEPLOYMENT_TARGET = 15.2;
				MTL_ENABLE_DEBUG_INFO = NO;
				MTL_FAST_MATH = YES;
				SDKROOT = iphoneos;
				SWIFT_COMPILATION_MODE = wholemodule;
				SWIFT_OPTIMIZATION_LEVEL = "-O";
				VALIDATE_PRODUCT = YES;
			};
			name = Release;
		};
		6389458F285C6EB000ACC685 /* Debug */ = {
			isa = XCBuildConfiguration;
			baseConfigurationReference = 08F6F0DA2C5F3DCF2ABD30CF /* Pods-TestHorizelScroll.debug.xcconfig */;
			buildSettings = {
				ASSETCATALOG_COMPILER_APPICON_NAME = AppIcon;
				ASSETCATALOG_COMPILER_GLOBAL_ACCENT_COLOR_NAME = AccentColor;
				CODE_SIGN_STYLE = Automatic;
				CURRENT_PROJECT_VERSION = 1;
				DEVELOPMENT_TEAM = L8MRL9B64V;
				GENERATE_INFOPLIST_FILE = YES;
				INFOPLIST_FILE = TestHorizelScroll/Info.plist;
				INFOPLIST_KEY_UIApplicationSupportsIndirectInputEvents = YES;
				INFOPLIST_KEY_UILaunchStoryboardName = LaunchScreen;
				INFOPLIST_KEY_UIMainStoryboardFile = Main;
				INFOPLIST_KEY_UISupportedInterfaceOrientations_iPad = "UIInterfaceOrientationPortrait UIInterfaceOrientationPortraitUpsideDown UIInterfaceOrientationLandscapeLeft UIInterfaceOrientationLandscapeRight";
				INFOPLIST_KEY_UISupportedInterfaceOrientations_iPhone = "UIInterfaceOrientationPortrait UIInterfaceOrientationLandscapeLeft UIInterfaceOrientationLandscapeRight";
				LD_RUNPATH_SEARCH_PATHS = (
					"$(inherited)",
					"@executable_path/Frameworks",
				);
				MARKETING_VERSION = 1.0;
				PRODUCT_BUNDLE_IDENTIFIER = com.nio.test.TestHorizelScroll;
				PRODUCT_NAME = "$(TARGET_NAME)";
				SWIFT_EMIT_LOC_STRINGS = YES;
				SWIFT_VERSION = 5.0;
				TARGETED_DEVICE_FAMILY = "1,2";
			};
			name = Debug;
		};
		63894590285C6EB000ACC685 /* Release */ = {
			isa = XCBuildConfiguration;
			baseConfigurationReference = 0D3271E5CB748FEC49148CD6 /* Pods-TestHorizelScroll.release.xcconfig */;
			buildSettings = {
				ASSETCATALOG_COMPILER_APPICON_NAME = AppIcon;
				ASSETCATALOG_COMPILER_GLOBAL_ACCENT_COLOR_NAME = AccentColor;
				CODE_SIGN_STYLE = Automatic;
				CURRENT_PROJECT_VERSION = 1;
				DEVELOPMENT_TEAM = L8MRL9B64V;
				GENERATE_INFOPLIST_FILE = YES;
				INFOPLIST_FILE = TestHorizelScroll/Info.plist;
				INFOPLIST_KEY_UIApplicationSupportsIndirectInputEvents = YES;
				INFOPLIST_KEY_UILaunchStoryboardName = LaunchScreen;
				INFOPLIST_KEY_UIMainStoryboardFile = Main;
				INFOPLIST_KEY_UISupportedInterfaceOrientations_iPad = "UIInterfaceOrientationPortrait UIInterfaceOrientationPortraitUpsideDown UIInterfaceOrientationLandscapeLeft UIInterfaceOrientationLandscapeRight";
				INFOPLIST_KEY_UISupportedInterfaceOrientations_iPhone = "UIInterfaceOrientationPortrait UIInterfaceOrientationLandscapeLeft UIInterfaceOrientationLandscapeRight";
				LD_RUNPATH_SEARCH_PATHS = (
					"$(inherited)",
					"@executable_path/Frameworks",
				);
				MARKETING_VERSION = 1.0;
				PRODUCT_BUNDLE_IDENTIFIER = com.nio.test.TestHorizelScroll;
				PRODUCT_NAME = "$(TARGET_NAME)";
				SWIFT_EMIT_LOC_STRINGS = YES;
				SWIFT_VERSION = 5.0;
				TARGETED_DEVICE_FAMILY = "1,2";
			};
			name = Release;
		};
/* End XCBuildConfiguration section */

/* Begin XCConfigurationList section */
		63894575285C6EAE00ACC685 /* Build configuration list for PBXProject "TestHorizelScroll" */ = {
			isa = XCConfigurationList;
			buildConfigurations = (
				6389458C285C6EB000ACC685 /* Debug */,
				6389458D285C6EB000ACC685 /* Release */,
			);
			defaultConfigurationIsVisible = 0;
			defaultConfigurationName = Release;
		};
		6389458E285C6EB000ACC685 /* Build configuration list for PBXNativeTarget "TestHorizelScroll" */ = {
			isa = XCConfigurationList;
			buildConfigurations = (
				6389458F285C6EB000ACC685 /* Debug */,
				63894590285C6EB000ACC685 /* Release */,
			);
			defaultConfigurationIsVisible = 0;
			defaultConfigurationName = Release;
		};
/* End XCConfigurationList section */
	};
	rootObject = 63894572285C6EAE00ACC685 /* Project object */;
}
